
Microsoft Visual Studio Solution File, Format Version 12.00
# Visual Studio Version 17
VisualStudioVersion = 17.4.33110.190
MinimumVisualStudioVersion = 10.0.40219.1
Project("{FAE04EC0-301F-11D3-BF4B-00C04F79EFBC}") = "BizimKafe.DATA", "BizimKafe.DATA\BizimKafe.DATA.csproj", "{C55672C5-2148-41F6-BF14-401780D2CD0F}"
EndProject
Project("{FAE04EC0-301F-11D3-BF4B-00C04F79EFBC}") = "BizimKafe.UI", "BizimKafe.UI\BizimKafe.UI.csproj", "{D697E3A3-25A7-4044-BC6C-0CA87186CFBB}"
EndProject
Global
	GlobalSection(SolutionConfigurationPlatforms) = preSolution
		Debug|Any CPU = Debug|Any CPU
		Release|Any CPU = Release|Any CPU
	EndGlobalSection
	GlobalSection(ProjectConfigurationPlatforms) = postSolution
		{C55672C5-2148-41F6-BF14-401780D2CD0F}.Debug|Any CPU.ActiveCfg = Debug|Any CPU
		{C55672C5-2148-41F6-BF14-401780D2CD0F}.Debug|Any CPU.Build.0 = Debug|Any CPU
		{C55672C5-2148-41F6-BF14-401780D2CD0F}.Release|Any CPU.ActiveCfg = Release|Any CPU
		{C55672C5-2148-41F6-BF14-401780D2CD0F}.Release|Any CPU.Build.0 = Release|Any CPU
		{D697E3A3-25A7-4044-BC6C-0CA87186CFBB}.Debug|Any CPU.ActiveCfg = Debug|Any CPU
		{D697E3A3-25A7-4044-BC6C-0CA87186CFBB}.Debug|Any CPU.Build.0 = Debug|Any CPU
		{D697E3A3-25A7-4044-BC6C-0CA87186CFBB}.Release|Any CPU.ActiveCfg = Release|Any CPU
		{D697E3A3-25A7-4044-BC6C-0CA87186CFBB}.Release|Any CPU.Build.0 = Release|Any CPU
	EndGlobalSection
	GlobalSection(SolutionProperties) = preSolution
		HideSolutionNode = FALSE
	EndGlobalSection
	GlobalSection(ExtensibilityGlobals) = postSolution
		SolutionGuid = {CC165E64-BD79-49AD-9113-B9D19A823128}
	EndGlobalSection
EndGlobal
